
Microsoft Visual Studio Solution File, Format Version 12.00
# Visual Studio Version 17
VisualStudioVersion = 17.7.34031.279
MinimumVisualStudioVersion = 10.0.40219.1
Project("{8BC9CEB8-8B4A-11D0-8D11-00A0C91BC942}") = "rp_dll", "rp_dll\rp_dll.vcxproj", "{0255E5F2-50F5-43B7-9FF5-74792B403F08}"
EndProject
Project("{8BC9CEB8-8B4A-11D0-8D11-00A0C91BC942}") = "rp_remote", "rp_remote\rp_remote.vcxproj", "{2075B8B8-A823-4F53-AD48-1508E5FCB29E}"
	ProjectSection(ProjectDependencies) = postProject
		{0255E5F2-50F5-43B7-9FF5-74792B403F08} = {0255E5F2-50F5-43B7-9FF5-74792B403F08}
	EndProjectSection
EndProject
Project("{8BC9CEB8-8B4A-11D0-8D11-00A0C91BC942}") = "rp_injector", "rp_injector\rp_injector.vcxproj", "{BE75C4C3-8A18-4501-B909-84A5CD5CA5F6}"
	ProjectSection(ProjectDependencies) = postProject
		{0255E5F2-50F5-43B7-9FF5-74792B403F08} = {0255E5F2-50F5-43B7-9FF5-74792B403F08}
	EndProjectSection
EndProject
Global
	GlobalSection(SolutionConfigurationPlatforms) = preSolution
		Debug|x64 = Debug|x64
		Debug|x86 = Debug|x86
		Release|x64 = Release|x64
		Release|x86 = Release|x86
	EndGlobalSection
	GlobalSection(ProjectConfigurationPlatforms) = postSolution
		{0255E5F2-50F5-43B7-9FF5-74792B403F08}.Debug|x64.ActiveCfg = Debug|Win32
		{0255E5F2-50F5-43B7-9FF5-74792B403F08}.Debug|x64.Build.0 = Debug|Win32
		{0255E5F2-50F5-43B7-9FF5-74792B403F08}.Debug|x86.ActiveCfg = Debug|Win32
		{0255E5F2-50F5-43B7-9FF5-74792B403F08}.Debug|x86.Build.0 = Debug|Win32
		{0255E5F2-50F5-43B7-9FF5-74792B403F08}.Release|x64.ActiveCfg = Release|Win32
		{0255E5F2-50F5-43B7-9FF5-74792B403F08}.Release|x64.Build.0 = Release|Win32
		{0255E5F2-50F5-43B7-9FF5-74792B403F08}.Release|x86.ActiveCfg = Release|Win32
		{0255E5F2-50F5-43B7-9FF5-74792B403F08}.Release|x86.Build.0 = Release|Win32
		{2075B8B8-A823-4F53-AD48-1508E5FCB29E}.Debug|x64.ActiveCfg = Debug|x64
		{2075B8B8-A823-4F53-AD48-1508E5FCB29E}.Debug|x64.Build.0 = Debug|x64
		{2075B8B8-A823-4F53-AD48-1508E5FCB29E}.Debug|x86.ActiveCfg = Debug|Win32
		{2075B8B8-A823-4F53-AD48-1508E5FCB29E}.Debug|x86.Build.0 = Debug|Win32
		{2075B8B8-A823-4F53-AD48-1508E5FCB29E}.Release|x64.ActiveCfg = Release|x64
		{2075B8B8-A823-4F53-AD48-1508E5FCB29E}.Release|x64.Build.0 = Release|x64
		{2075B8B8-A823-4F53-AD48-1508E5FCB29E}.Release|x86.ActiveCfg = Release|Win32
		{2075B8B8-A823-4F53-AD48-1508E5FCB29E}.Release|x86.Build.0 = Release|Win32
		{BE75C4C3-8A18-4501-B909-84A5CD5CA5F6}.Debug|x64.ActiveCfg = Debug|Win32
		{BE75C4C3-8A18-4501-B909-84A5CD5CA5F6}.Debug|x64.Build.0 = Debug|Win32
		{BE75C4C3-8A18-4501-B909-84A5CD5CA5F6}.Debug|x86.ActiveCfg = Debug|Win32
		{BE75C4C3-8A18-4501-B909-84A5CD5CA5F6}.Debug|x86.Build.0 = Debug|Win32
		{BE75C4C3-8A18-4501-B909-84A5CD5CA5F6}.Release|x64.ActiveCfg = Release|Win32
		{BE75C4C3-8A18-4501-B909-84A5CD5CA5F6}.Release|x64.Build.0 = Release|Win32
		{BE75C4C3-8A18-4501-B909-84A5CD5CA5F6}.Release|x86.ActiveCfg = Release|Win32
		{BE75C4C3-8A18-4501-B909-84A5CD5CA5F6}.Release|x86.Build.0 = Release|Win32
	EndGlobalSection
	GlobalSection(SolutionProperties) = preSolution
		HideSolutionNode = FALSE
	EndGlobalSection
	GlobalSection(ExtensibilityGlobals) = postSolution
		SolutionGuid = {432E43DF-5EE1-4C0D-A756-47EB12330EC1}
	EndGlobalSection
EndGlobal
